
Microsoft Visual Studio Solution File, Format Version 12.00
Project("{FAE04EC0-301F-11D3-BF4B-00C04F79EFBC}") = "MinimalReproduction", "MinimalReproduction\MinimalReproduction.csproj", "{DB029077-9C5D-4559-B9D7-E5456153A596}"
EndProject
Project("{FAE04EC0-301F-11D3-BF4B-00C04F79EFBC}") = "Engine", "Engine\Engine.csproj", "{14371D4D-629E-421C-A02F-D0D357832CCF}"
EndProject
Global
	GlobalSection(SolutionConfigurationPlatforms) = preSolution
		Debug|Any CPU = Debug|Any CPU
		Release|Any CPU = Release|Any CPU
	EndGlobalSection
	GlobalSection(ProjectConfigurationPlatforms) = postSolution
		{DB029077-9C5D-4559-B9D7-E5456153A596}.Debug|Any CPU.ActiveCfg = Debug|Any CPU
		{DB029077-9C5D-4559-B9D7-E5456153A596}.Debug|Any CPU.Build.0 = Debug|Any CPU
		{DB029077-9C5D-4559-B9D7-E5456153A596}.Release|Any CPU.ActiveCfg = Release|Any CPU
		{DB029077-9C5D-4559-B9D7-E5456153A596}.Release|Any CPU.Build.0 = Release|Any CPU
		{14371D4D-629E-421C-A02F-D0D357832CCF}.Debug|Any CPU.ActiveCfg = Debug|Any CPU
		{14371D4D-629E-421C-A02F-D0D357832CCF}.Debug|Any CPU.Build.0 = Debug|Any CPU
		{14371D4D-629E-421C-A02F-D0D357832CCF}.Release|Any CPU.ActiveCfg = Release|Any CPU
		{14371D4D-629E-421C-A02F-D0D357832CCF}.Release|Any CPU.Build.0 = Release|Any CPU
	EndGlobalSection
EndGlobal
